
Microsoft Visual Studio Solution File, Format Version 12.00
# Visual Studio Version 17
VisualStudioVersion = 17.5.33516.290
MinimumVisualStudioVersion = 10.0.40219.1
Project("{FAE04EC0-301F-11D3-BF4B-00C04F79EFBC}") = "OtelOtomasyon", "OtelOtomasyon\OtelOtomasyon.csproj", "{5F88E167-9C2E-48D2-9FCE-94801EE380FD}"
	ProjectSection(ProjectDependencies) = postProject
		{73D5B7BA-9C2B-47CC-91B8-5A1CAD2DA237} = {73D5B7BA-9C2B-47CC-91B8-5A1CAD2DA237}
	EndProjectSection
EndProject
Project("{9A19103F-16F7-4668-BE54-9A1E7A4F7556}") = "ORM", "ORM\ORM.csproj", "{73D5B7BA-9C2B-47CC-91B8-5A1CAD2DA237}"
EndProject
Global
	GlobalSection(SolutionConfigurationPlatforms) = preSolution
		Debug|Any CPU = Debug|Any CPU
		Release|Any CPU = Release|Any CPU
	EndGlobalSection
	GlobalSection(ProjectConfigurationPlatforms) = postSolution
		{5F88E167-9C2E-48D2-9FCE-94801EE380FD}.Debug|Any CPU.ActiveCfg = Debug|Any CPU
		{5F88E167-9C2E-48D2-9FCE-94801EE380FD}.Debug|Any CPU.Build.0 = Debug|Any CPU
		{5F88E167-9C2E-48D2-9FCE-94801EE380FD}.Release|Any CPU.ActiveCfg = Release|Any CPU
		{5F88E167-9C2E-48D2-9FCE-94801EE380FD}.Release|Any CPU.Build.0 = Release|Any CPU
		{73D5B7BA-9C2B-47CC-91B8-5A1CAD2DA237}.Debug|Any CPU.ActiveCfg = Debug|Any CPU
		{73D5B7BA-9C2B-47CC-91B8-5A1CAD2DA237}.Debug|Any CPU.Build.0 = Debug|Any CPU
		{73D5B7BA-9C2B-47CC-91B8-5A1CAD2DA237}.Release|Any CPU.ActiveCfg = Release|Any CPU
		{73D5B7BA-9C2B-47CC-91B8-5A1CAD2DA237}.Release|Any CPU.Build.0 = Release|Any CPU
	EndGlobalSection
	GlobalSection(SolutionProperties) = preSolution
		HideSolutionNode = FALSE
	EndGlobalSection
	GlobalSection(ExtensibilityGlobals) = postSolution
		SolutionGuid = {1D71AA76-030E-4C15-A53D-46D7F2BA8457}
	EndGlobalSection
EndGlobal
